{
  "name": "site",
  "lockfileVersion": 3,
  "requires": true,
  "packages": {
    "": {
      "dependencies": {
        "chess": "file:../pkg"
      }
    },
    "../pkg": {
      "name": "chess",
      "version": "0.1.0"
    },
    "node_modules/chess": {
      "resolved": "../pkg",
      "link": true
    }
  }
}
